
Microsoft Visual Studio Solution File, Format Version 12.00
# Visual Studio Version 16
VisualStudioVersion = 16.0.29306.81
MinimumVisualStudioVersion = 10.0.40219.1
Project("{FAE04EC0-301F-11D3-BF4B-00C04F79EFBC}") = "Composition", "Composition\Composition.csproj", "{A461C478-D46A-4E45-AEB7-4A857F42DF53}"
EndProject
Global
	GlobalSection(SolutionConfigurationPlatforms) = preSolution
		Debug|Any CPU = Debug|Any CPU
		Release|Any CPU = Release|Any CPU
	EndGlobalSection
	GlobalSection(ProjectConfigurationPlatforms) = postSolution
		{A461C478-D46A-4E45-AEB7-4A857F42DF53}.Debug|Any CPU.ActiveCfg = Debug|Any CPU
		{A461C478-D46A-4E45-AEB7-4A857F42DF53}.Debug|Any CPU.Build.0 = Debug|Any CPU
		{A461C478-D46A-4E45-AEB7-4A857F42DF53}.Release|Any CPU.ActiveCfg = Release|Any CPU
		{A461C478-D46A-4E45-AEB7-4A857F42DF53}.Release|Any CPU.Build.0 = Release|Any CPU
	EndGlobalSection
	GlobalSection(SolutionProperties) = preSolution
		HideSolutionNode = FALSE
	EndGlobalSection
	GlobalSection(ExtensibilityGlobals) = postSolution
		SolutionGuid = {08A3636A-431D-4843-98A4-9AD86C0C0FC5}
	EndGlobalSection
EndGlobal
