
Microsoft Visual Studio Solution File, Format Version 12.00
# Visual Studio Version 16
VisualStudioVersion = 16.0.29201.188
MinimumVisualStudioVersion = 10.0.40219.1
Project("{FAE04EC0-301F-11D3-BF4B-00C04F79EFBC}") = "ClassFields", "ClassFields\ClassFields.csproj", "{84DFEEE6-522E-4384-92B4-E0D943C5CB35}"
EndProject
Global
	GlobalSection(SolutionConfigurationPlatforms) = preSolution
		Debug|Any CPU = Debug|Any CPU
		Release|Any CPU = Release|Any CPU
	EndGlobalSection
	GlobalSection(ProjectConfigurationPlatforms) = postSolution
		{84DFEEE6-522E-4384-92B4-E0D943C5CB35}.Debug|Any CPU.ActiveCfg = Debug|Any CPU
		{84DFEEE6-522E-4384-92B4-E0D943C5CB35}.Debug|Any CPU.Build.0 = Debug|Any CPU
		{84DFEEE6-522E-4384-92B4-E0D943C5CB35}.Release|Any CPU.ActiveCfg = Release|Any CPU
		{84DFEEE6-522E-4384-92B4-E0D943C5CB35}.Release|Any CPU.Build.0 = Release|Any CPU
	EndGlobalSection
	GlobalSection(SolutionProperties) = preSolution
		HideSolutionNode = FALSE
	EndGlobalSection
	GlobalSection(ExtensibilityGlobals) = postSolution
		SolutionGuid = {C4077D0E-BF67-4C89-893E-B062112B02F0}
	EndGlobalSection
EndGlobal
