
Microsoft Visual Studio Solution File, Format Version 12.00
# Visual Studio Version 16
VisualStudioVersion = 16.0.29201.188
MinimumVisualStudioVersion = 10.0.40219.1
Project("{FAE04EC0-301F-11D3-BF4B-00C04F79EFBC}") = "StopwatchExercise", "StopwatchExercise\StopwatchExercise.csproj", "{95ECBF72-A07E-43C5-9AE5-F35C28CFAA55}"
EndProject
Global
	GlobalSection(SolutionConfigurationPlatforms) = preSolution
		Debug|Any CPU = Debug|Any CPU
		Release|Any CPU = Release|Any CPU
	EndGlobalSection
	GlobalSection(ProjectConfigurationPlatforms) = postSolution
		{95ECBF72-A07E-43C5-9AE5-F35C28CFAA55}.Debug|Any CPU.ActiveCfg = Debug|Any CPU
		{95ECBF72-A07E-43C5-9AE5-F35C28CFAA55}.Debug|Any CPU.Build.0 = Debug|Any CPU
		{95ECBF72-A07E-43C5-9AE5-F35C28CFAA55}.Release|Any CPU.ActiveCfg = Release|Any CPU
		{95ECBF72-A07E-43C5-9AE5-F35C28CFAA55}.Release|Any CPU.Build.0 = Release|Any CPU
	EndGlobalSection
	GlobalSection(SolutionProperties) = preSolution
		HideSolutionNode = FALSE
	EndGlobalSection
	GlobalSection(ExtensibilityGlobals) = postSolution
		SolutionGuid = {246CC6C0-32A9-431A-8BFA-9212FFC20CAD}
	EndGlobalSection
EndGlobal
