
Microsoft Visual Studio Solution File, Format Version 12.00
# Visual Studio Version 16
VisualStudioVersion = 16.0.29201.188
MinimumVisualStudioVersion = 10.0.40219.1
Project("{FAE04EC0-301F-11D3-BF4B-00C04F79EFBC}") = "ClassIndexers", "ClassIndexers\ClassIndexers.csproj", "{3216678F-B64D-4F86-9AA8-CD45875A5239}"
EndProject
Global
	GlobalSection(SolutionConfigurationPlatforms) = preSolution
		Debug|Any CPU = Debug|Any CPU
		Release|Any CPU = Release|Any CPU
	EndGlobalSection
	GlobalSection(ProjectConfigurationPlatforms) = postSolution
		{3216678F-B64D-4F86-9AA8-CD45875A5239}.Debug|Any CPU.ActiveCfg = Debug|Any CPU
		{3216678F-B64D-4F86-9AA8-CD45875A5239}.Debug|Any CPU.Build.0 = Debug|Any CPU
		{3216678F-B64D-4F86-9AA8-CD45875A5239}.Release|Any CPU.ActiveCfg = Release|Any CPU
		{3216678F-B64D-4F86-9AA8-CD45875A5239}.Release|Any CPU.Build.0 = Release|Any CPU
	EndGlobalSection
	GlobalSection(SolutionProperties) = preSolution
		HideSolutionNode = FALSE
	EndGlobalSection
	GlobalSection(ExtensibilityGlobals) = postSolution
		SolutionGuid = {41FAD7D3-E390-4EB0-9D4E-BCECA3ACC2F9}
	EndGlobalSection
EndGlobal
